
Microsoft Visual Studio Solution File, Format Version 12.00
# Visual Studio Version 16
VisualStudioVersion = 16.0.30128.74
MinimumVisualStudioVersion = 10.0.40219.1
Project("{FAE04EC0-301F-11D3-BF4B-00C04F79EFBC}") = "RRHH", "RRHH\RRHH.csproj", "{DB0A32F2-E99D-4E7A-AAC5-7C01FED8BACE}"
EndProject
Global
	GlobalSection(SolutionConfigurationPlatforms) = preSolution
		Debug|Any CPU = Debug|Any CPU
		Release|Any CPU = Release|Any CPU
	EndGlobalSection
	GlobalSection(ProjectConfigurationPlatforms) = postSolution
		{DB0A32F2-E99D-4E7A-AAC5-7C01FED8BACE}.Debug|Any CPU.ActiveCfg = Debug|Any CPU
		{DB0A32F2-E99D-4E7A-AAC5-7C01FED8BACE}.Debug|Any CPU.Build.0 = Debug|Any CPU
		{DB0A32F2-E99D-4E7A-AAC5-7C01FED8BACE}.Release|Any CPU.ActiveCfg = Release|Any CPU
		{DB0A32F2-E99D-4E7A-AAC5-7C01FED8BACE}.Release|Any CPU.Build.0 = Release|Any CPU
	EndGlobalSection
	GlobalSection(SolutionProperties) = preSolution
		HideSolutionNode = FALSE
	EndGlobalSection
	GlobalSection(ExtensibilityGlobals) = postSolution
		SolutionGuid = {CF50F2FB-EE34-49D4-B05D-D6E9664437CF}
	EndGlobalSection
EndGlobal
